
Microsoft Visual Studio Solution File, Format Version 12.00
Project("{FAE04EC0-301F-11D3-BF4B-00C04F79EFBC}") = "CommentImitationProject.Api", "CommentImitationProject.Api\CommentImitationProject.Api.csproj", "{6DA306CF-CA94-4D92-BD50-C21147FB42E3}"
EndProject
Project("{FAE04EC0-301F-11D3-BF4B-00C04F79EFBC}") = "CommentImitationProject.DAL", "CommentImitationProject.DAL\CommentImitationProject.DAL.csproj", "{149BB4E7-FF46-469B-84E0-2E6EE9F2FB86}"
EndProject
Project("{FAE04EC0-301F-11D3-BF4B-00C04F79EFBC}") = "CommentImitationProject.Services", "CommentImitationProject.Services\CommentImitationProject.Services.csproj", "{36172736-6EEC-49B8-BAA2-6D619B147224}"
EndProject
Project("{FAE04EC0-301F-11D3-BF4B-00C04F79EFBC}") = "CommentImitationProject.DTO", "CommentImitationProject.DTO\CommentImitationProject.DTO.csproj", "{9A96DABF-44B6-4EBB-8D21-62038DD66BB0}"
EndProject
Project("{FAE04EC0-301F-11D3-BF4B-00C04F79EFBC}") = "CommentImitationProject.UnitTests", "CommentImitationProject.UnitTests\CommentImitationProject.UnitTests.csproj", "{8228E92B-4A81-4340-9490-1785D51BC86B}"
EndProject
Project("{FAE04EC0-301F-11D3-BF4B-00C04F79EFBC}") = "CommentImitationProject.IntegrationTests", "CommentImitationProject.IntegrationTests\CommentImitationProject.IntegrationTests.csproj", "{0405D985-6D77-40E2-BB00-0792E35617A0}"
EndProject
Project("{2150E333-8FDC-42A3-9474-1A3956D46DE8}") = "Tests", "Tests", "{4D4877FE-DB0A-4ACC-8D81-5C5341714488}"
EndProject
Project("{FAE04EC0-301F-11D3-BF4B-00C04F79EFBC}") = "CommentImitationProject.Tests.Behavior", "CommentImitationProject.Tests.Behavior\CommentImitationProject.Tests.Behavior.csproj", "{EFC4B9D3-AF23-49E3-A3D3-EA5157F5C54C}"
EndProject
Global
	GlobalSection(SolutionConfigurationPlatforms) = preSolution
		Debug|Any CPU = Debug|Any CPU
		Release|Any CPU = Release|Any CPU
	EndGlobalSection
	GlobalSection(ProjectConfigurationPlatforms) = postSolution
		{6DA306CF-CA94-4D92-BD50-C21147FB42E3}.Debug|Any CPU.ActiveCfg = Debug|Any CPU
		{6DA306CF-CA94-4D92-BD50-C21147FB42E3}.Debug|Any CPU.Build.0 = Debug|Any CPU
		{6DA306CF-CA94-4D92-BD50-C21147FB42E3}.Release|Any CPU.ActiveCfg = Release|Any CPU
		{6DA306CF-CA94-4D92-BD50-C21147FB42E3}.Release|Any CPU.Build.0 = Release|Any CPU
		{149BB4E7-FF46-469B-84E0-2E6EE9F2FB86}.Debug|Any CPU.ActiveCfg = Debug|Any CPU
		{149BB4E7-FF46-469B-84E0-2E6EE9F2FB86}.Debug|Any CPU.Build.0 = Debug|Any CPU
		{149BB4E7-FF46-469B-84E0-2E6EE9F2FB86}.Release|Any CPU.ActiveCfg = Release|Any CPU
		{149BB4E7-FF46-469B-84E0-2E6EE9F2FB86}.Release|Any CPU.Build.0 = Release|Any CPU
		{36172736-6EEC-49B8-BAA2-6D619B147224}.Debug|Any CPU.ActiveCfg = Debug|Any CPU
		{36172736-6EEC-49B8-BAA2-6D619B147224}.Debug|Any CPU.Build.0 = Debug|Any CPU
		{36172736-6EEC-49B8-BAA2-6D619B147224}.Release|Any CPU.ActiveCfg = Release|Any CPU
		{36172736-6EEC-49B8-BAA2-6D619B147224}.Release|Any CPU.Build.0 = Release|Any CPU
		{9A96DABF-44B6-4EBB-8D21-62038DD66BB0}.Debug|Any CPU.ActiveCfg = Debug|Any CPU
		{9A96DABF-44B6-4EBB-8D21-62038DD66BB0}.Debug|Any CPU.Build.0 = Debug|Any CPU
		{9A96DABF-44B6-4EBB-8D21-62038DD66BB0}.Release|Any CPU.ActiveCfg = Release|Any CPU
		{9A96DABF-44B6-4EBB-8D21-62038DD66BB0}.Release|Any CPU.Build.0 = Release|Any CPU
		{8228E92B-4A81-4340-9490-1785D51BC86B}.Debug|Any CPU.ActiveCfg = Debug|Any CPU
		{8228E92B-4A81-4340-9490-1785D51BC86B}.Debug|Any CPU.Build.0 = Debug|Any CPU
		{8228E92B-4A81-4340-9490-1785D51BC86B}.Release|Any CPU.ActiveCfg = Release|Any CPU
		{8228E92B-4A81-4340-9490-1785D51BC86B}.Release|Any CPU.Build.0 = Release|Any CPU
		{0405D985-6D77-40E2-BB00-0792E35617A0}.Debug|Any CPU.ActiveCfg = Debug|Any CPU
		{0405D985-6D77-40E2-BB00-0792E35617A0}.Debug|Any CPU.Build.0 = Debug|Any CPU
		{0405D985-6D77-40E2-BB00-0792E35617A0}.Release|Any CPU.ActiveCfg = Release|Any CPU
		{0405D985-6D77-40E2-BB00-0792E35617A0}.Release|Any CPU.Build.0 = Release|Any CPU
		{EFC4B9D3-AF23-49E3-A3D3-EA5157F5C54C}.Debug|Any CPU.ActiveCfg = Debug|Any CPU
		{EFC4B9D3-AF23-49E3-A3D3-EA5157F5C54C}.Debug|Any CPU.Build.0 = Debug|Any CPU
		{EFC4B9D3-AF23-49E3-A3D3-EA5157F5C54C}.Release|Any CPU.ActiveCfg = Release|Any CPU
		{EFC4B9D3-AF23-49E3-A3D3-EA5157F5C54C}.Release|Any CPU.Build.0 = Release|Any CPU
	EndGlobalSection
	GlobalSection(NestedProjects) = preSolution
		{8228E92B-4A81-4340-9490-1785D51BC86B} = {4D4877FE-DB0A-4ACC-8D81-5C5341714488}
		{EFC4B9D3-AF23-49E3-A3D3-EA5157F5C54C} = {4D4877FE-DB0A-4ACC-8D81-5C5341714488}
		{0405D985-6D77-40E2-BB00-0792E35617A0} = {4D4877FE-DB0A-4ACC-8D81-5C5341714488}
	EndGlobalSection
EndGlobal
